
Microsoft Visual Studio Solution File, Format Version 12.00
# Visual Studio Version 17
VisualStudioVersion = 17.2.32630.192
MinimumVisualStudioVersion = 10.0.40219.1
Project("{FAE04EC0-301F-11D3-BF4B-00C04F79EFBC}") = "HelloWorld7", "HelloWorld7\HelloWorld7.csproj", "{7071E17B-1C4A-4071-8A26-CB30D21D56B0}"
EndProject
Global
	GlobalSection(SolutionConfigurationPlatforms) = preSolution
		Debug|Any CPU = Debug|Any CPU
		Release|Any CPU = Release|Any CPU
	EndGlobalSection
	GlobalSection(ProjectConfigurationPlatforms) = postSolution
		{7071E17B-1C4A-4071-8A26-CB30D21D56B0}.Debug|Any CPU.ActiveCfg = Debug|Any CPU
		{7071E17B-1C4A-4071-8A26-CB30D21D56B0}.Debug|Any CPU.Build.0 = Debug|Any CPU
		{7071E17B-1C4A-4071-8A26-CB30D21D56B0}.Release|Any CPU.ActiveCfg = Release|Any CPU
		{7071E17B-1C4A-4071-8A26-CB30D21D56B0}.Release|Any CPU.Build.0 = Release|Any CPU
	EndGlobalSection
	GlobalSection(SolutionProperties) = preSolution
		HideSolutionNode = FALSE
	EndGlobalSection
	GlobalSection(ExtensibilityGlobals) = postSolution
		SolutionGuid = {667DA6B0-9327-4495-B0BC-A41E29EB4E04}
	EndGlobalSection
EndGlobal
